Microsoft Visual Studio Solution File, Format Version 12.00
# Visual Studio 14
VisualStudioVersion = 14.0.25420.1
MinimumVisualStudioVersion = 10.0.40219.1
Project("{FAE04EC0-301F-11D3-BF4B-00C04F79EFBC}") = "ComeTogetherApp", "ComeTogetherApp\ComeTogetherApp.csproj", "{428A21AC-3500-4169-8A66-26BB7A764D12}"
EndProject
Project("{FAE04EC0-301F-11D3-BF4B-00C04F79EFBC}") = "ComeTogetherApp.iOS", "iOS\ComeTogetherApp.iOS.csproj", "{1CFDC0DE-D77C-4EC1-B96C-8122E6690FD5}"
EndProject
Project("{FAE04EC0-301F-11D3-BF4B-00C04F79EFBC}") = "ComeTogetherApp.Droid", "Droid\ComeTogetherApp.Droid.csproj", "{86942C00-FF0D-4727-BA51-09813110D47A}"
EndProject
Global
	GlobalSection(SolutionConfigurationPlatforms) = preSolution
		Debug|Any CPU = Debug|Any CPU
		Debug|iPhone = Debug|iPhone
		Debug|iPhoneSimulator = Debug|iPhoneSimulator
		Release|Any CPU = Release|Any CPU
		Release|iPhone = Release|iPhone
		Release|iPhoneSimulator = Release|iPhoneSimulator
	EndGlobalSection
	GlobalSection(ProjectConfigurationPlatforms) = postSolution
		{428A21AC-3500-4169-8A66-26BB7A764D12}.Debug|Any CPU.ActiveCfg = Debug|Any CPU
		{428A21AC-3500-4169-8A66-26BB7A764D12}.Debug|Any CPU.Build.0 = Debug|Any CPU
		{428A21AC-3500-4169-8A66-26BB7A764D12}.Debug|iPhone.ActiveCfg = Debug|Any CPU
		{428A21AC-3500-4169-8A66-26BB7A764D12}.Debug|iPhone.Build.0 = Debug|Any CPU
		{428A21AC-3500-4169-8A66-26BB7A764D12}.Debug|iPhoneSimulator.ActiveCfg = Debug|Any CPU
		{428A21AC-3500-4169-8A66-26BB7A764D12}.Debug|iPhoneSimulator.Build.0 = Debug|Any CPU
		{428A21AC-3500-4169-8A66-26BB7A764D12}.Release|Any CPU.ActiveCfg = Release|Any CPU
		{428A21AC-3500-4169-8A66-26BB7A764D12}.Release|Any CPU.Build.0 = Release|Any CPU
		{428A21AC-3500-4169-8A66-26BB7A764D12}.Release|iPhone.ActiveCfg = Release|Any CPU
		{428A21AC-3500-4169-8A66-26BB7A764D12}.Release|iPhone.Build.0 = Release|Any CPU
		{428A21AC-3500-4169-8A66-26BB7A764D12}.Release|iPhoneSimulator.ActiveCfg = Release|Any CPU
		{428A21AC-3500-4169-8A66-26BB7A764D12}.Release|iPhoneSimulator.Build.0 = Release|Any CPU
		{1CFDC0DE-D77C-4EC1-B96C-8122E6690FD5}.Debug|Any CPU.ActiveCfg = Debug|iPhoneSimulator
		{1CFDC0DE-D77C-4EC1-B96C-8122E6690FD5}.Debug|Any CPU.Build.0 = Debug|iPhoneSimulator
		{1CFDC0DE-D77C-4EC1-B96C-8122E6690FD5}.Debug|iPhone.ActiveCfg = Debug|iPhone
		{1CFDC0DE-D77C-4EC1-B96C-8122E6690FD5}.Debug|iPhone.Build.0 = Debug|iPhone
		{1CFDC0DE-D77C-4EC1-B96C-8122E6690FD5}.Debug|iPhoneSimulator.ActiveCfg = Debug|iPhoneSimulator
		{1CFDC0DE-D77C-4EC1-B96C-8122E6690FD5}.Debug|iPhoneSimulator.Build.0 = Debug|iPhoneSimulator
		{1CFDC0DE-D77C-4EC1-B96C-8122E6690FD5}.Release|Any CPU.ActiveCfg = Release|iPhone
		{1CFDC0DE-D77C-4EC1-B96C-8122E6690FD5}.Release|Any CPU.Build.0 = Release|iPhone
		{1CFDC0DE-D77C-4EC1-B96C-8122E6690FD5}.Release|iPhone.ActiveCfg = Release|iPhone
		{1CFDC0DE-D77C-4EC1-B96C-8122E6690FD5}.Release|iPhone.Build.0 = Release|iPhone
		{1CFDC0DE-D77C-4EC1-B96C-8122E6690FD5}.Release|iPhoneSimulator.ActiveCfg = Release|iPhoneSimulator
		{1CFDC0DE-D77C-4EC1-B96C-8122E6690FD5}.Release|iPhoneSimulator.Build.0 = Release|iPhoneSimulator
		{86942C00-FF0D-4727-BA51-09813110D47A}.Debug|Any CPU.ActiveCfg = Debug|Any CPU
		{86942C00-FF0D-4727-BA51-09813110D47A}.Debug|Any CPU.Build.0 = Debug|Any CPU
		{86942C00-FF0D-4727-BA51-09813110D47A}.Debug|Any CPU.Deploy.0 = Debug|Any CPU
		{86942C00-FF0D-4727-BA51-09813110D47A}.Debug|iPhone.ActiveCfg = Debug|Any CPU
		{86942C00-FF0D-4727-BA51-09813110D47A}.Debug|iPhone.Build.0 = Debug|Any CPU
		{86942C00-FF0D-4727-BA51-09813110D47A}.Debug|iPhoneSimulator.ActiveCfg = Debug|Any CPU
		{86942C00-FF0D-4727-BA51-09813110D47A}.Debug|iPhoneSimulator.Build.0 = Debug|Any CPU
		{86942C00-FF0D-4727-BA51-09813110D47A}.Release|Any CPU.ActiveCfg = Release|Any CPU
		{86942C00-FF0D-4727-BA51-09813110D47A}.Release|Any CPU.Build.0 = Release|Any CPU
		{86942C00-FF0D-4727-BA51-09813110D47A}.Release|iPhone.ActiveCfg = Release|Any CPU
		{86942C00-FF0D-4727-BA51-09813110D47A}.Release|iPhone.Build.0 = Release|Any CPU
		{86942C00-FF0D-4727-BA51-09813110D47A}.Release|iPhoneSimulator.ActiveCfg = Release|Any CPU
		{86942C00-FF0D-4727-BA51-09813110D47A}.Release|iPhoneSimulator.Build.0 = Release|Any CPU
	EndGlobalSection
	GlobalSection(SolutionProperties) = preSolution
		HideSolutionNode = FALSE
	EndGlobalSection
EndGlobal
